
Microsoft Visual Studio Solution File, Format Version 12.00
# Visual Studio Version 17
VisualStudioVersion = 17.0.31903.59
MinimumVisualStudioVersion = 10.0.40219.1
Project("{FAE04EC0-301F-11D3-BF4B-00C04F79EFBC}") = "Intrepion.ToDo.Domain", "Intrepion.ToDo.Domain\Intrepion.ToDo.Domain.csproj", "{3B834A4A-CAC8-4239-80BD-029265F7D59A}"
EndProject
Project("{FAE04EC0-301F-11D3-BF4B-00C04F79EFBC}") = "Intrepion.ToDo.Domain.UnitTests", "Intrepion.ToDo.Domain.UnitTests\Intrepion.ToDo.Domain.UnitTests.csproj", "{9544EB8A-CACD-4B93-AEC2-F6C3BCC249BC}"
EndProject
Project("{FAE04EC0-301F-11D3-BF4B-00C04F79EFBC}") = "Intrepion.ToDo.BlazorApplication", "Intrepion.ToDo.BlazorApplication\Intrepion.ToDo.BlazorApplication.csproj", "{D31B73C0-E604-48FD-A289-A15D02F25F31}"
EndProject
Project("{FAE04EC0-301F-11D3-BF4B-00C04F79EFBC}") = "Intrepion.ToDo.BlazorApplication.ComponentTests", "Intrepion.ToDo.BlazorApplication.ComponentTests\Intrepion.ToDo.BlazorApplication.ComponentTests.csproj", "{45A13ED4-5E31-4368-81EB-F245208E0986}"
EndProject
Global
	GlobalSection(SolutionConfigurationPlatforms) = preSolution
		Debug|Any CPU = Debug|Any CPU
		Release|Any CPU = Release|Any CPU
	EndGlobalSection
	GlobalSection(SolutionProperties) = preSolution
		HideSolutionNode = FALSE
	EndGlobalSection
	GlobalSection(ProjectConfigurationPlatforms) = postSolution
		{3B834A4A-CAC8-4239-80BD-029265F7D59A}.Debug|Any CPU.ActiveCfg = Debug|Any CPU
		{3B834A4A-CAC8-4239-80BD-029265F7D59A}.Debug|Any CPU.Build.0 = Debug|Any CPU
		{3B834A4A-CAC8-4239-80BD-029265F7D59A}.Release|Any CPU.ActiveCfg = Release|Any CPU
		{3B834A4A-CAC8-4239-80BD-029265F7D59A}.Release|Any CPU.Build.0 = Release|Any CPU
		{9544EB8A-CACD-4B93-AEC2-F6C3BCC249BC}.Debug|Any CPU.ActiveCfg = Debug|Any CPU
		{9544EB8A-CACD-4B93-AEC2-F6C3BCC249BC}.Debug|Any CPU.Build.0 = Debug|Any CPU
		{9544EB8A-CACD-4B93-AEC2-F6C3BCC249BC}.Release|Any CPU.ActiveCfg = Release|Any CPU
		{9544EB8A-CACD-4B93-AEC2-F6C3BCC249BC}.Release|Any CPU.Build.0 = Release|Any CPU
		{D31B73C0-E604-48FD-A289-A15D02F25F31}.Debug|Any CPU.ActiveCfg = Debug|Any CPU
		{D31B73C0-E604-48FD-A289-A15D02F25F31}.Debug|Any CPU.Build.0 = Debug|Any CPU
		{D31B73C0-E604-48FD-A289-A15D02F25F31}.Release|Any CPU.ActiveCfg = Release|Any CPU
		{D31B73C0-E604-48FD-A289-A15D02F25F31}.Release|Any CPU.Build.0 = Release|Any CPU
		{45A13ED4-5E31-4368-81EB-F245208E0986}.Debug|Any CPU.ActiveCfg = Debug|Any CPU
		{45A13ED4-5E31-4368-81EB-F245208E0986}.Debug|Any CPU.Build.0 = Debug|Any CPU
		{45A13ED4-5E31-4368-81EB-F245208E0986}.Release|Any CPU.ActiveCfg = Release|Any CPU
		{45A13ED4-5E31-4368-81EB-F245208E0986}.Release|Any CPU.Build.0 = Release|Any CPU
	EndGlobalSection
EndGlobal
